{
  "requires": true,
  "lockfileVersion": 1,
  "dependencies": {
    "quicklink": {
      "version": "2.0.0-alpha",
      "resolved": "https://registry.npmjs.org/quicklink/-/quicklink-2.0.0-alpha.tgz",
      "integrity": "sha512-MZoMzlEcGHHvYPYac1k4khoRX1IyzpwKX4yh5nHgyQPngynA25yPHbX2uif77btmdCmuIxuPfE2jswe8/nE2Bg==",
      "requires": {
        "throttles": "^1.0.0"
      }
    },
    "throttles": {
      "version": "1.0.0",
      "resolved": "https://registry.npmjs.org/throttles/-/throttles-1.0.0.tgz",
      "integrity": "sha512-sLEyK3MZQLhU5jbxwK9n7i7VePlhP9b6sDF+tzNDGEVjFk+hcF0jGL1ErknMJF63v2cE+eTenPDnfuk/8BjFdw=="
    }
  }
}
